{
  "name": "typedoc-variable-signatures-repro",
  "version": "1.0.0",
  "lockfileVersion": 2,
  "requires": true,
  "packages": {
    "": {
      "name": "typedoc-variable-signatures-repro",
      "version": "1.0.0",
      "license": "ISC",
      "dependencies": {
        "typedoc": "^0.23.10",
        "typescript": "^4.7.4"
      }
    },
    "node_modules/balanced-match": {
      "version": "1.0.2",
      "resolved": "http://artprod.dev.bloomberg.com/artifactory/api/npm/npm-repos/balanced-match/-/balanced-match-1.0.2.tgz",
      "integrity": "sha1-6D46fj8wCzTLnYf2FfoMvzV2kO4=",
      "license": "MIT"
    },
    "node_modules/brace-expansion": {
      "version": "2.0.1",
      "resolved": "http://artprod.dev.bloomberg.com/artifactory/api/npm/npm-repos/brace-expansion/-/brace-expansion-2.0.1.tgz",
      "integrity": "sha1-HtxFng8MVISG7Pn8mfIiE2S5oK4=",
      "license": "MIT",
      "dependencies": {
        "balanced-match": "^1.0.0"
      }
    },
    "node_modules/jsonc-parser": {
      "version": "3.0.0",
      "resolved": "http://artprod.dev.bloomberg.com/artifactory/api/npm/npm-repos/jsonc-parser/-/jsonc-parser-3.0.0.tgz",
      "integrity": "sha1-q914VwHH5+rKip7IzwcMpRp0WiI=",
      "license": "MIT"
    },
    "node_modules/lunr": {
      "version": "2.3.9",
      "resolved": "http://artprod.dev.bloomberg.com/artifactory/api/npm/npm-repos/lunr/-/lunr-2.3.9.tgz",
      "integrity": "sha1-GLEjFCgyM33W6WTfGlp3B7JdNeE=",
      "license": "MIT"
    },
    "node_modules/marked": {
      "version": "4.0.18",
      "resolved": "http://artprod.dev.bloomberg.com/artifactory/api/npm/npm-repos/marked/-/marked-4.0.18.tgz",
      "integrity": "sha1-zQrFSy5WEM+5Do/UbMqoKSye1Wk=",
      "license": "MIT",
      "bin": {
        "marked": "bin/marked.js"
      },
      "engines": {
        "node": ">= 12"
      }
    },
    "node_modules/minimatch": {
      "version": "5.1.0",
      "resolved": "http://artprod.dev.bloomberg.com/artifactory/api/npm/npm-repos/minimatch/-/minimatch-5.1.0.tgz",
      "integrity": "sha1-Fxe0ZPSXGxRPaqvo8tC45FEeCcc=",
      "license": "ISC",
      "dependencies": {
        "brace-expansion": "^2.0.1"
      },
      "engines": {
        "node": ">=10"
      }
    },
    "node_modules/shiki": {
      "version": "0.10.1",
      "resolved": "http://artprod.dev.bloomberg.com/artifactory/api/npm/npm-repos/shiki/-/shiki-0.10.1.tgz",
      "integrity": "sha1-b5oWIFqCO1bActDxoLzQ8mRr7xQ=",
      "license": "MIT",
      "dependencies": {
        "jsonc-parser": "^3.0.0",
        "vscode-oniguruma": "^1.6.1",
        "vscode-textmate": "5.2.0"
      }
    },
    "node_modules/typedoc": {
      "version": "0.23.10",
      "resolved": "http://artprod.dev.bloomberg.com/artifactory/api/npm/npm-repos/typedoc/-/typedoc-0.23.10.tgz",
      "integrity": "sha1-KF1ZWl8uNczfbzjrpN/pUdW/9GE=",
      "license": "Apache-2.0",
      "dependencies": {
        "lunr": "^2.3.9",
        "marked": "^4.0.18",
        "minimatch": "^5.1.0",
        "shiki": "^0.10.1"
      },
      "bin": {
        "typedoc": "bin/typedoc"
      },
      "engines": {
        "node": ">= 14.14"
      },
      "peerDependencies": {
        "typescript": "4.6.x || 4.7.x"
      }
    },
    "node_modules/typescript": {
      "version": "4.7.4",
      "resolved": "http://artprod.dev.bloomberg.com/artifactory/api/npm/npm-repos/typescript/-/typescript-4.7.4.tgz",
      "integrity": "sha1-GohZbRz0fVlQehvN+1ud/k1IgjU=",
      "license": "Apache-2.0",
      "bin": {
        "tsc": "bin/tsc",
        "tsserver": "bin/tsserver"
      },
      "engines": {
        "node": ">=4.2.0"
      }
    },
    "node_modules/vscode-oniguruma": {
      "version": "1.6.2",
      "resolved": "http://artprod.dev.bloomberg.com/artifactory/api/npm/npm-repos/vscode-oniguruma/-/vscode-oniguruma-1.6.2.tgz",
      "integrity": "sha1-rrl3Gi8dv8kIPIp/3ZzMqj84Zgc=",
      "license": "MIT"
    },
    "node_modules/vscode-textmate": {
      "version": "5.2.0",
      "resolved": "http://artprod.dev.bloomberg.com/artifactory/api/npm/npm-repos/vscode-textmate/-/vscode-textmate-5.2.0.tgz",
      "integrity": "sha1-AfAXYKOR6CIv5PM/vMvRrXGu104=",
      "license": "MIT"
    }
  },
  "dependencies": {
    "balanced-match": {
      "version": "1.0.2",
      "resolved": "http://artprod.dev.bloomberg.com/artifactory/api/npm/npm-repos/balanced-match/-/balanced-match-1.0.2.tgz",
      "integrity": "sha1-6D46fj8wCzTLnYf2FfoMvzV2kO4="
    },
    "brace-expansion": {
      "version": "2.0.1",
      "resolved": "http://artprod.dev.bloomberg.com/artifactory/api/npm/npm-repos/brace-expansion/-/brace-expansion-2.0.1.tgz",
      "integrity": "sha1-HtxFng8MVISG7Pn8mfIiE2S5oK4=",
      "requires": {
        "balanced-match": "^1.0.0"
      }
    },
    "jsonc-parser": {
      "version": "3.0.0",
      "resolved": "http://artprod.dev.bloomberg.com/artifactory/api/npm/npm-repos/jsonc-parser/-/jsonc-parser-3.0.0.tgz",
      "integrity": "sha1-q914VwHH5+rKip7IzwcMpRp0WiI="
    },
    "lunr": {
      "version": "2.3.9",
      "resolved": "http://artprod.dev.bloomberg.com/artifactory/api/npm/npm-repos/lunr/-/lunr-2.3.9.tgz",
      "integrity": "sha1-GLEjFCgyM33W6WTfGlp3B7JdNeE="
    },
    "marked": {
      "version": "4.0.18",
      "resolved": "http://artprod.dev.bloomberg.com/artifactory/api/npm/npm-repos/marked/-/marked-4.0.18.tgz",
      "integrity": "sha1-zQrFSy5WEM+5Do/UbMqoKSye1Wk="
    },
    "minimatch": {
      "version": "5.1.0",
      "resolved": "http://artprod.dev.bloomberg.com/artifactory/api/npm/npm-repos/minimatch/-/minimatch-5.1.0.tgz",
      "integrity": "sha1-Fxe0ZPSXGxRPaqvo8tC45FEeCcc=",
      "requires": {
        "brace-expansion": "^2.0.1"
      }
    },
    "shiki": {
      "version": "0.10.1",
      "resolved": "http://artprod.dev.bloomberg.com/artifactory/api/npm/npm-repos/shiki/-/shiki-0.10.1.tgz",
      "integrity": "sha1-b5oWIFqCO1bActDxoLzQ8mRr7xQ=",
      "requires": {
        "jsonc-parser": "^3.0.0",
        "vscode-oniguruma": "^1.6.1",
        "vscode-textmate": "5.2.0"
      }
    },
    "typedoc": {
      "version": "0.23.10",
      "resolved": "http://artprod.dev.bloomberg.com/artifactory/api/npm/npm-repos/typedoc/-/typedoc-0.23.10.tgz",
      "integrity": "sha1-KF1ZWl8uNczfbzjrpN/pUdW/9GE=",
      "requires": {
        "lunr": "^2.3.9",
        "marked": "^4.0.18",
        "minimatch": "^5.1.0",
        "shiki": "^0.10.1"
      }
    },
    "typescript": {
      "version": "4.7.4",
      "resolved": "http://artprod.dev.bloomberg.com/artifactory/api/npm/npm-repos/typescript/-/typescript-4.7.4.tgz",
      "integrity": "sha1-GohZbRz0fVlQehvN+1ud/k1IgjU="
    },
    "vscode-oniguruma": {
      "version": "1.6.2",
      "resolved": "http://artprod.dev.bloomberg.com/artifactory/api/npm/npm-repos/vscode-oniguruma/-/vscode-oniguruma-1.6.2.tgz",
      "integrity": "sha1-rrl3Gi8dv8kIPIp/3ZzMqj84Zgc="
    },
    "vscode-textmate": {
      "version": "5.2.0",
      "resolved": "http://artprod.dev.bloomberg.com/artifactory/api/npm/npm-repos/vscode-textmate/-/vscode-textmate-5.2.0.tgz",
      "integrity": "sha1-AfAXYKOR6CIv5PM/vMvRrXGu104="
    }
  }
}
